// !$*UTF8*$!
{
	archiveVersion = 1;
	classes = {
	};
	objectVersion = 46;
	objects = {

/* Begin PBXBuildFile section */
		05248DE346501CD4CE35A66C /* libPods.a in Frameworks */ = {isa = PBXBuildFile; fileRef = 93FCC2AF5EBE9529D4472BED /* libPods.a */; };
		B1D019E11A682C27005705E3 /* AppDelegate.swift in Sources */ = {isa = PBXBuildFile; fileRef = B1D019E01A682C27005705E3 /* AppDelegate.swift */; };
		B1D019E31A682C27005705E3 /* ViewController.swift in Sources */ = {isa = PBXBuildFile; fileRef = B1D019E21A682C27005705E3 /* ViewController.swift */; };
		B1D019E61A682C27005705E3 /* Main.storyboard in Resources */ = {isa = PBXBuildFile; fileRef = B1D019E41A682C27005705E3 /* Main.storyboard */; };
		B1D019E81A682C27005705E3 /* Images.xcassets in Resources */ = {isa = PBXBuildFile; fileRef = B1D019E71A682C27005705E3 /* Images.xcassets */; };
		B1D019EB1A682C27005705E3 /* LaunchScreen.xib in Resources */ = {isa = PBXBuildFile; fileRef = B1D019E91A682C27005705E3 /* LaunchScreen.xib */; };
		B1D019F71A682C28005705E3 /* YakTests.swift in Sources */ = {isa = PBXBuildFile; fileRef = B1D019F61A682C28005705E3 /* YakTests.swift */; };
		B1D01A011A682FCC005705E3 /* StrandTableViewController.swift in Sources */ = {isa = PBXBuildFile; fileRef = B1D01A001A682FCC005705E3 /* StrandTableViewController.swift */; };
		B1D01A031A683017005705E3 /* StrandTableViewCell.swift in Sources */ = {isa = PBXBuildFile; fileRef = B1D01A021A683017005705E3 /* StrandTableViewCell.swift */; };
		B1D01A0A1A6840C7005705E3 /* PostViewController.swift in Sources */ = {isa = PBXBuildFile; fileRef = B1D01A091A6840C7005705E3 /* PostViewController.swift */; };
		B1D01A0C1A684CE9005705E3 /* DetailViewController.swift in Sources */ = {isa = PBXBuildFile; fileRef = B1D01A0B1A684CE9005705E3 /* DetailViewController.swift */; };
		B1D01A0E1A684D0D005705E3 /* CommentTableViewCell.swift in Sources */ = {isa = PBXBuildFile; fileRef = B1D01A0D1A684D0D005705E3 /* CommentTableViewCell.swift */; };
		B1D01A121A687492005705E3 /* SettingsTableViewController.swift in Sources */ = {isa = PBXBuildFile; fileRef = B1D01A111A687492005705E3 /* SettingsTableViewController.swift */; };
		B1D01A141A687F88005705E3 /* CoreLocation.framework in Frameworks */ = {isa = PBXBuildFile; fileRef = B1D01A131A687F88005705E3 /* CoreLocation.framework */; };
		B1D01A161A687F8D005705E3 /* MapKit.framework in Frameworks */ = {isa = PBXBuildFile; fileRef = B1D01A151A687F8D005705E3 /* MapKit.framework */; };
/* End PBXBuildFile section */

/* Begin PBXContainerItemProxy section */
		B1D019F11A682C28005705E3 /* PBXContainerItemProxy */ = {
			isa = PBXContainerItemProxy;
			containerPortal = B1D019D31A682C27005705E3 /* Project object */;
			proxyType = 1;
			remoteGlobalIDString = B1D019DA1A682C27005705E3;
			remoteInfo = Yak;
		};
/* End PBXContainerItemProxy section */

/* Begin PBXFileReference section */
		0F2A7D7E43B3D032004D7A02 /* Pods.debug.xcconfig */ = {isa = PBXFileReference; includeInIndex = 1; lastKnownFileType = text.xcconfig; name = Pods.debug.xcconfig; path = "Pods/Target Support Files/Pods/Pods.debug.xcconfig"; sourceTree = "<group>"; };
		93FCC2AF5EBE9529D4472BED /* libPods.a */ = {isa = PBXFileReference; explicitFileType = archive.ar; includeInIndex = 0; path = libPods.a; sourceTree = BUILT_PRODUCTS_DIR; };
		B1D019DB1A682C27005705E3 /* Yak.app */ = {isa = PBXFileReference; explicitFileType = wrapper.application; includeInIndex = 0; path = Yak.app; sourceTree = BUILT_PRODUCTS_DIR; };
		B1D019DF1A682C27005705E3 /* Info.plist */ = {isa = PBXFileReference; lastKnownFileType = text.plist.xml; path = Info.plist; sourceTree = "<group>"; };
		B1D019E01A682C27005705E3 /* AppDelegate.swift */ = {isa = PBXFileReference; lastKnownFileType = sourcecode.swift; path = AppDelegate.swift; sourceTree = "<group>"; };
		B1D019E21A682C27005705E3 /* ViewController.swift */ = {isa = PBXFileReference; lastKnownFileType = sourcecode.swift; path = ViewController.swift; sourceTree = "<group>"; };
		B1D019E51A682C27005705E3 /* Base */ = {isa = PBXFileReference; lastKnownFileType = file.storyboard; name = Base; path = Base.lproj/Main.storyboard; sourceTree = "<group>"; };
		B1D019E71A682C27005705E3 /* Images.xcassets */ = {isa = PBXFileReference; lastKnownFileType = folder.assetcatalog; path = Images.xcassets; sourceTree = "<group>"; };
		B1D019EA1A682C27005705E3 /* Base */ = {isa = PBXFileReference; lastKnownFileType = file.xib; name = Base; path = Base.lproj/LaunchScreen.xib; sourceTree = "<group>"; };
		B1D019F01A682C28005705E3 /* YakTests.xctest */ = {isa = PBXFileReference; explicitFileType = wrapper.cfbundle; includeInIndex = 0; path = YakTests.xctest; sourceTree = BUILT_PRODUCTS_DIR; };
		B1D019F51A682C28005705E3 /* Info.plist */ = {isa = PBXFileReference; lastKnownFileType = text.plist.xml; path = Info.plist; sourceTree = "<group>"; };
		B1D019F61A682C28005705E3 /* YakTests.swift */ = {isa = PBXFileReference; lastKnownFileType = sourcecode.swift; path = YakTests.swift; sourceTree = "<group>"; };
		B1D01A001A682FCC005705E3 /* StrandTableViewController.swift */ = {isa = PBXFileReference; fileEncoding = 4; lastKnownFileType = sourcecode.swift; path = StrandTableViewController.swift; sourceTree = "<group>"; };
		B1D01A021A683017005705E3 /* StrandTableViewCell.swift */ = {isa = PBXFileReference; fileEncoding = 4; lastKnownFileType = sourcecode.swift; path = StrandTableViewCell.swift; sourceTree = "<group>"; };
		B1D01A061A683F0F005705E3 /* Yak-Bridging-Header.h */ = {isa = PBXFileReference; lastKnownFileType = sourcecode.c.h; path = "Yak-Bridging-Header.h"; sourceTree = SOURCE_ROOT; };
		B1D01A091A6840C7005705E3 /* PostViewController.swift */ = {isa = PBXFileReference; fileEncoding = 4; lastKnownFileType = sourcecode.swift; path = PostViewController.swift; sourceTree = "<group>"; };
		B1D01A0B1A684CE9005705E3 /* DetailViewController.swift */ = {isa = PBXFileReference; fileEncoding = 4; lastKnownFileType = sourcecode.swift; path = DetailViewController.swift; sourceTree = "<group>"; };
		B1D01A0D1A684D0D005705E3 /* CommentTableViewCell.swift */ = {isa = PBXFileReference; fileEncoding = 4; lastKnownFileType = sourcecode.swift; path = CommentTableViewCell.swift; sourceTree = "<group>"; };
		B1D01A111A687492005705E3 /* SettingsTableViewController.swift */ = {isa = PBXFileReference; fileEncoding = 4; lastKnownFileType = sourcecode.swift; path = SettingsTableViewController.swift; sourceTree = "<group>"; };
		B1D01A131A687F88005705E3 /* CoreLocation.framework */ = {isa = PBXFileReference; lastKnownFileType = wrapper.framework; name = CoreLocation.framework; path = System/Library/Frameworks/CoreLocation.framework; sourceTree = SDKROOT; };
		B1D01A151A687F8D005705E3 /* MapKit.framework */ = {isa = PBXFileReference; lastKnownFileType = wrapper.framework; name = MapKit.framework; path = System/Library/Frameworks/MapKit.framework; sourceTree = SDKROOT; };
		ECF0D02D1C853F1E0FB536AD /* Pods.release.xcconfig */ = {isa = PBXFileReference; includeInIndex = 1; lastKnownFileType = text.xcconfig; name = Pods.release.xcconfig; path = "Pods/Target Support Files/Pods/Pods.release.xcconfig"; sourceTree = "<group>"; };
/* End PBXFileReference section */

/* Begin PBXFrameworksBuildPhase section */
		B1D019D81A682C27005705E3 /* Frameworks */ = {
			isa = PBXFrameworksBuildPhase;
			buildActionMask = 2147483647;
			files = (
				B1D01A161A687F8D005705E3 /* MapKit.framework in Frameworks */,
				B1D01A141A687F88005705E3 /* CoreLocation.framework in Frameworks */,
				05248DE346501CD4CE35A66C /* libPods.a in Frameworks */,
			);
			runOnlyForDeploymentPostprocessing = 0;
		};
		B1D019ED1A682C28005705E3 /* Frameworks */ = {
			isa = PBXFrameworksBuildPhase;
			buildActionMask = 2147483647;
			files = (
			);
			runOnlyForDeploymentPostprocessing = 0;
		};
/* End PBXFrameworksBuildPhase section */

/* Begin PBXGroup section */
		1DA873499393B63CF12B5055 /* Pods */ = {
			isa = PBXGroup;
			children = (
				0F2A7D7E43B3D032004D7A02 /* Pods.debug.xcconfig */,
				ECF0D02D1C853F1E0FB536AD /* Pods.release.xcconfig */,
			);
			name = Pods;
			sourceTree = "<group>";
		};
		B1D019D21A682C27005705E3 = {
			isa = PBXGroup;
			children = (
				B1D019DD1A682C27005705E3 /* Yak */,
				B1D019F31A682C28005705E3 /* YakTests */,
				B1D019DC1A682C27005705E3 /* Products */,
				1DA873499393B63CF12B5055 /* Pods */,
				FD894F471B4F97E1EA68B5CC /* Frameworks */,
			);
			sourceTree = "<group>";
		};
		B1D019DC1A682C27005705E3 /* Products */ = {
			isa = PBXGroup;
			children = (
				B1D019DB1A682C27005705E3 /* Yak.app */,
				B1D019F01A682C28005705E3 /* YakTests.xctest */,
			);
			name = Products;
			sourceTree = "<group>";
		};
		B1D019DD1A682C27005705E3 /* Yak */ = {
			isa = PBXGroup;
			children = (
				B1D019E01A682C27005705E3 /* AppDelegate.swift */,
				B1D019E21A682C27005705E3 /* ViewController.swift */,
				B1D01A061A683F0F005705E3 /* Yak-Bridging-Header.h */,
				B1D019E41A682C27005705E3 /* Main.storyboard */,
				B1D01A111A687492005705E3 /* SettingsTableViewController.swift */,
				B1D01A0B1A684CE9005705E3 /* DetailViewController.swift */,
				B1D01A0D1A684D0D005705E3 /* CommentTableViewCell.swift */,
				B1D01A091A6840C7005705E3 /* PostViewController.swift */,
				B1D01A001A682FCC005705E3 /* StrandTableViewController.swift */,
				B1D01A021A683017005705E3 /* StrandTableViewCell.swift */,
				B1D019E71A682C27005705E3 /* Images.xcassets */,
				B1D019E91A682C27005705E3 /* LaunchScreen.xib */,
				B1D019DE1A682C27005705E3 /* Supporting Files */,
			);
			path = Yak;
			sourceTree = "<group>";
		};
		B1D019DE1A682C27005705E3 /* Supporting Files */ = {
			isa = PBXGroup;
			children = (
				B1D019DF1A682C27005705E3 /* Info.plist */,
			);
			name = "Supporting Files";
			sourceTree = "<group>";
		};
		B1D019F31A682C28005705E3 /* YakTests */ = {
			isa = PBXGroup;
			children = (
				B1D019F61A682C28005705E3 /* YakTests.swift */,
				B1D019F41A682C28005705E3 /* Supporting Files */,
			);
			path = YakTests;
			sourceTree = "<group>";
		};
		B1D019F41A682C28005705E3 /* Supporting Files */ = {
			isa = PBXGroup;
			children = (
				B1D019F51A682C28005705E3 /* Info.plist */,
			);
			name = "Supporting Files";
			sourceTree = "<group>";
		};
		FD894F471B4F97E1EA68B5CC /* Frameworks */ = {
			isa = PBXGroup;
			children = (
				B1D01A151A687F8D005705E3 /* MapKit.framework */,
				B1D01A131A687F88005705E3 /* CoreLocation.framework */,
				93FCC2AF5EBE9529D4472BED /* libPods.a */,
			);
			name = Frameworks;
			sourceTree = "<group>";
		};
/* End PBXGroup section */

/* Begin PBXNativeTarget section */
		B1D019DA1A682C27005705E3 /* Yak */ = {
			isa = PBXNativeTarget;
			buildConfigurationList = B1D019FA1A682C28005705E3 /* Build configuration list for PBXNativeTarget "Yak" */;
			buildPhases = (
				A5C7C373509E0659CC9F28F2 /* Check Pods Manifest.lock */,
				B1D019D71A682C27005705E3 /* Sources */,
				B1D019D81A682C27005705E3 /* Frameworks */,
				B1D019D91A682C27005705E3 /* Resources */,
				D315806B6C86492A1A743E94 /* Copy Pods Resources */,
			);
			buildRules = (
			);
			dependencies = (
			);
			name = Yak;
			productName = Yak;
			productReference = B1D019DB1A682C27005705E3 /* Yak.app */;
			productType = "com.apple.product-type.application";
		};
		B1D019EF1A682C28005705E3 /* YakTests */ = {
			isa = PBXNativeTarget;
			buildConfigurationList = B1D019FD1A682C28005705E3 /* Build configuration list for PBXNativeTarget "YakTests" */;
			buildPhases = (
				B1D019EC1A682C28005705E3 /* Sources */,
				B1D019ED1A682C28005705E3 /* Frameworks */,
				B1D019EE1A682C28005705E3 /* Resources */,
			);
			buildRules = (
			);
			dependencies = (
				B1D019F21A682C28005705E3 /* PBXTargetDependency */,
			);
			name = YakTests;
			productName = YakTests;
			productReference = B1D019F01A682C28005705E3 /* YakTests.xctest */;
			productType = "com.apple.product-type.bundle.unit-test";
		};
/* End PBXNativeTarget section */

/* Begin PBXProject section */
		B1D019D31A682C27005705E3 /* Project object */ = {
			isa = PBXProject;
			attributes = {
				LastUpgradeCheck = 0610;
				ORGANIZATIONNAME = "Michael Stromer";
				TargetAttributes = {
					B1D019DA1A682C27005705E3 = {
						CreatedOnToolsVersion = 6.1.1;
					};
					B1D019EF1A682C28005705E3 = {
						CreatedOnToolsVersion = 6.1.1;
						TestTargetID = B1D019DA1A682C27005705E3;
					};
				};
			};
			buildConfigurationList = B1D019D61A682C27005705E3 /* Build configuration list for PBXProject "Yak" */;
			compatibilityVersion = "Xcode 3.2";
			developmentRegion = English;
			hasScannedForEncodings = 0;
			knownRegions = (
				en,
				Base,
			);
			mainGroup = B1D019D21A682C27005705E3;
			productRefGroup = B1D019DC1A682C27005705E3 /* Products */;
			projectDirPath = "";
			projectRoot = "";
			targets = (
				B1D019DA1A682C27005705E3 /* Yak */,
				B1D019EF1A682C28005705E3 /* YakTests */,
			);
		};
/* End PBXProject section */

/* Begin PBXResourcesBuildPhase section */
		B1D019D91A682C27005705E3 /* Resources */ = {
			isa = PBXResourcesBuildPhase;
			buildActionMask = 2147483647;
			files = (
				B1D019E61A682C27005705E3 /* Main.storyboard in Resources */,
				B1D019EB1A682C27005705E3 /* LaunchScreen.xib in Resources */,
				B1D019E81A682C27005705E3 /* Images.xcassets in Resources */,
			);
			runOnlyForDeploymentPostprocessing = 0;
		};
		B1D019EE1A682C28005705E3 /* Resources */ = {
			isa = PBXResourcesBuildPhase;
			buildActionMask = 2147483647;
			files = (
			);
			runOnlyForDeploymentPostprocessing = 0;
		};
/* End PBXResourcesBuildPhase section */

/* Begin PBXShellScriptBuildPhase section */
		A5C7C373509E0659CC9F28F2 /* Check Pods Manifest.lock */ = {
			isa = PBXShellScriptBuildPhase;
			buildActionMask = 2147483647;
			files = (
			);
			inputPaths = (
			);
			name = "Check Pods Manifest.lock";
			outputPaths = (
			);
			runOnlyForDeploymentPostprocessing = 0;
			shellPath = /bin/sh;
			shellScript = "diff \"${PODS_ROOT}/../Podfile.lock\" \"${PODS_ROOT}/Manifest.lock\" > /dev/null\nif [[ $? != 0 ]] ; then\n    cat << EOM\nerror: The sandbox is not in sync with the Podfile.lock. Run 'pod install' or update your CocoaPods installation.\nEOM\n    exit 1\nfi\n";
			showEnvVarsInLog = 0;
		};
		D315806B6C86492A1A743E94 /* Copy Pods Resources */ = {
			isa = PBXShellScriptBuildPhase;
			buildActionMask = 2147483647;
			files = (
			);
			inputPaths = (
			);
			name = "Copy Pods Resources";
			outputPaths = (
			);
			runOnlyForDeploymentPostprocessing = 0;
			shellPath = /bin/sh;
			shellScript = "\"${SRCROOT}/Pods/Target Support Files/Pods/Pods-resources.sh\"\n";
			showEnvVarsInLog = 0;
		};
/* End PBXShellScriptBuildPhase section */

/* Begin PBXSourcesBuildPhase section */
		B1D019D71A682C27005705E3 /* Sources */ = {
			isa = PBXSourcesBuildPhase;
			buildActionMask = 2147483647;
			files = (
				B1D01A031A683017005705E3 /* StrandTableViewCell.swift in Sources */,
				B1D01A011A682FCC005705E3 /* StrandTableViewController.swift in Sources */,
				B1D019E31A682C27005705E3 /* ViewController.swift in Sources */,
				B1D01A0C1A684CE9005705E3 /* DetailViewController.swift in Sources */,
				B1D01A121A687492005705E3 /* SettingsTableViewController.swift in Sources */,
				B1D01A0E1A684D0D005705E3 /* CommentTableViewCell.swift in Sources */,
				B1D019E11A682C27005705E3 /* AppDelegate.swift in Sources */,
				B1D01A0A1A6840C7005705E3 /* PostViewController.swift in Sources */,
			);
			runOnlyForDeploymentPostprocessing = 0;
		};
		B1D019EC1A682C28005705E3 /* Sources */ = {
			isa = PBXSourcesBuildPhase;
			buildActionMask = 2147483647;
			files = (
				B1D019F71A682C28005705E3 /* YakTests.swift in Sources */,
			);
			runOnlyForDeploymentPostprocessing = 0;
		};
/* End PBXSourcesBuildPhase section */

/* Begin PBXTargetDependency section */
		B1D019F21A682C28005705E3 /* PBXTargetDependency */ = {
			isa = PBXTargetDependency;
			target = B1D019DA1A682C27005705E3 /* Yak */;
			targetProxy = B1D019F11A682C28005705E3 /* PBXContainerItemProxy */;
		};
/* End PBXTargetDependency section */

/* Begin PBXVariantGroup section */
		B1D019E41A682C27005705E3 /* Main.storyboard */ = {
			isa = PBXVariantGroup;
			children = (
				B1D019E51A682C27005705E3 /* Base */,
			);
			name = Main.storyboard;
			sourceTree = "<group>";
		};
		B1D019E91A682C27005705E3 /* LaunchScreen.xib */ = {
			isa = PBXVariantGroup;
			children = (
				B1D019EA1A682C27005705E3 /* Base */,
			);
			name = LaunchScreen.xib;
			sourceTree = "<group>";
		};
/* End PBXVariantGroup section */

/* Begin XCBuildConfiguration section */
		B1D019F81A682C28005705E3 /* Debug */ = {
			isa = XCBuildConfiguration;
			buildSettings = {
				ALWAYS_SEARCH_USER_PATHS = NO;
				CLANG_CXX_LANGUAGE_STANDARD = "gnu++0x";
				CLANG_CXX_LIBRARY = "libc++";
				CLANG_ENABLE_MODULES = YES;
				CLANG_ENABLE_OBJC_ARC = YES;
				CLANG_WARN_BOOL_CONVERSION = YES;
				CLANG_WARN_CONSTANT_CONVERSION = YES;
				CLANG_WARN_DIRECT_OBJC_ISA_USAGE = YES_ERROR;
				CLANG_WARN_EMPTY_BODY = YES;
				CLANG_WARN_ENUM_CONVERSION = YES;
				CLANG_WARN_INT_CONVERSION = YES;
				CLANG_WARN_OBJC_ROOT_CLASS = YES_ERROR;
				CLANG_WARN_UNREACHABLE_CODE = YES;
				CLANG_WARN__DUPLICATE_METHOD_MATCH = YES;
				"CODE_SIGN_IDENTITY[sdk=iphoneos*]" = "iPhone Developer";
				COPY_PHASE_STRIP = NO;
				ENABLE_STRICT_OBJC_MSGSEND = YES;
				GCC_C_LANGUAGE_STANDARD = gnu99;
				GCC_DYNAMIC_NO_PIC = NO;
				GCC_OPTIMIZATION_LEVEL = 0;
				GCC_PREPROCESSOR_DEFINITIONS = (
					"DEBUG=1",
					"$(inherited)",
				);
				GCC_SYMBOLS_PRIVATE_EXTERN = NO;
				GCC_WARN_64_TO_32_BIT_CONVERSION = YES;
				GCC_WARN_ABOUT_RETURN_TYPE = YES_ERROR;
				GCC_WARN_UNDECLARED_SELECTOR = YES;
				GCC_WARN_UNINITIALIZED_AUTOS = YES_AGGRESSIVE;
				GCC_WARN_UNUSED_FUNCTION = YES;
				GCC_WARN_UNUSED_VARIABLE = YES;
				IPHONEOS_DEPLOYMENT_TARGET = 8.1;
				MTL_ENABLE_DEBUG_INFO = YES;
				ONLY_ACTIVE_ARCH = YES;
				SDKROOT = iphoneos;
				SWIFT_OPTIMIZATION_LEVEL = "-Onone";
			};
			name = Debug;
		};
		B1D019F91A682C28005705E3 /* Release */ = {
			isa = XCBuildConfiguration;
			buildSettings = {
				ALWAYS_SEARCH_USER_PATHS = NO;
				CLANG_CXX_LANGUAGE_STANDARD = "gnu++0x";
				CLANG_CXX_LIBRARY = "libc++";
				CLANG_ENABLE_MODULES = YES;
				CLANG_ENABLE_OBJC_ARC = YES;
				CLANG_WARN_BOOL_CONVERSION = YES;
				CLANG_WARN_CONSTANT_CONVERSION = YES;
				CLANG_WARN_DIRECT_OBJC_ISA_USAGE = YES_ERROR;
				CLANG_WARN_EMPTY_BODY = YES;
				CLANG_WARN_ENUM_CONVERSION = YES;
				CLANG_WARN_INT_CONVERSION = YES;
				CLANG_WARN_OBJC_ROOT_CLASS = YES_ERROR;
				CLANG_WARN_UNREACHABLE_CODE = YES;
				CLANG_WARN__DUPLICATE_METHOD_MATCH = YES;
				"CODE_SIGN_IDENTITY[sdk=iphoneos*]" = "iPhone Developer";
				COPY_PHASE_STRIP = YES;
				ENABLE_NS_ASSERTIONS = NO;
				ENABLE_STRICT_OBJC_MSGSEND = YES;
				GCC_C_LANGUAGE_STANDARD = gnu99;
				GCC_WARN_64_TO_32_BIT_CONVERSION = YES;
				GCC_WARN_ABOUT_RETURN_TYPE = YES_ERROR;
				GCC_WARN_UNDECLARED_SELECTOR = YES;
				GCC_WARN_UNINITIALIZED_AUTOS = YES_AGGRESSIVE;
				GCC_WARN_UNUSED_FUNCTION = YES;
				GCC_WARN_UNUSED_VARIABLE = YES;
				IPHONEOS_DEPLOYMENT_TARGET = 8.1;
				MTL_ENABLE_DEBUG_INFO = NO;
				SDKROOT = iphoneos;
				VALIDATE_PRODUCT = YES;
			};
			name = Release;
		};
		B1D019FB1A682C28005705E3 /* Debug */ = {
			isa = XCBuildConfiguration;
			baseConfigurationReference = 0F2A7D7E43B3D032004D7A02 /* Pods.debug.xcconfig */;
			buildSettings = {
				ASSETCATALOG_COMPILER_APPICON_NAME = AppIcon;
				CLANG_ENABLE_MODULES = YES;
				INFOPLIST_FILE = Yak/Info.plist;
				LD_RUNPATH_SEARCH_PATHS = "$(inherited) @executable_path/Frameworks";
				PRODUCT_NAME = "$(TARGET_NAME)";
				SWIFT_OBJC_BRIDGING_HEADER = "Yak-Bridging-Header.h";
				SWIFT_OPTIMIZATION_LEVEL = "-Onone";
			};
			name = Debug;
		};
		B1D019FC1A682C28005705E3 /* Release */ = {
			isa = XCBuildConfiguration;
			baseConfigurationReference = ECF0D02D1C853F1E0FB536AD /* Pods.release.xcconfig */;
			buildSettings = {
				ASSETCATALOG_COMPILER_APPICON_NAME = AppIcon;
				CLANG_ENABLE_MODULES = YES;
				INFOPLIST_FILE = Yak/Info.plist;
				LD_RUNPATH_SEARCH_PATHS = "$(inherited) @executable_path/Frameworks";
				PRODUCT_NAME = "$(TARGET_NAME)";
				SWIFT_OBJC_BRIDGING_HEADER = "Yak-Bridging-Header.h";
			};
			name = Release;
		};
		B1D019FE1A682C28005705E3 /* Debug */ = {
			isa = XCBuildConfiguration;
			buildSettings = {
				BUNDLE_LOADER = "$(TEST_HOST)";
				FRAMEWORK_SEARCH_PATHS = (
					"$(SDKROOT)/Developer/Library/Frameworks",
					"$(inherited)",
				);
				GCC_PREPROCESSOR_DEFINITIONS = (
					"DEBUG=1",
					"$(inherited)",
				);
				INFOPLIST_FILE = YakTests/Info.plist;
				LD_RUNPATH_SEARCH_PATHS = "$(inherited) @executable_path/Frameworks @loader_path/Frameworks";
				PRODUCT_NAME = "$(TARGET_NAME)";
				TEST_HOST = "$(BUILT_PRODUCTS_DIR)/Yak.app/Yak";
			};
			name = Debug;
		};
		B1D019FF1A682C28005705E3 /* Release */ = {
			isa = XCBuildConfiguration;
			buildSettings = {
				BUNDLE_LOADER = "$(TEST_HOST)";
				FRAMEWORK_SEARCH_PATHS = (
					"$(SDKROOT)/Developer/Library/Frameworks",
					"$(inherited)",
				);
				INFOPLIST_FILE = YakTests/Info.plist;
				LD_RUNPATH_SEARCH_PATHS = "$(inherited) @executable_path/Frameworks @loader_path/Frameworks";
				PRODUCT_NAME = "$(TARGET_NAME)";
				TEST_HOST = "$(BUILT_PRODUCTS_DIR)/Yak.app/Yak";
			};
			name = Release;
		};
/* End XCBuildConfiguration section */

/* Begin XCConfigurationList section */
		B1D019D61A682C27005705E3 /* Build configuration list for PBXProject "Yak" */ = {
			isa = XCConfigurationList;
			buildConfigurations = (
				B1D019F81A682C28005705E3 /* Debug */,
				B1D019F91A682C28005705E3 /* Release */,
			);
			defaultConfigurationIsVisible = 0;
			defaultConfigurationName = Release;
		};
		B1D019FA1A682C28005705E3 /* Build configuration list for PBXNativeTarget "Yak" */ = {
			isa = XCConfigurationList;
			buildConfigurations = (
				B1D019FB1A682C28005705E3 /* Debug */,
				B1D019FC1A682C28005705E3 /* Release */,
			);
			defaultConfigurationIsVisible = 0;
			defaultConfigurationName = Release;
		};
		B1D019FD1A682C28005705E3 /* Build configuration list for PBXNativeTarget "YakTests" */ = {
			isa = XCConfigurationList;
			buildConfigurations = (
				B1D019FE1A682C28005705E3 /* Debug */,
				B1D019FF1A682C28005705E3 /* Release */,
			);
			defaultConfigurationIsVisible = 0;
			defaultConfigurationName = Release;
		};
/* End XCConfigurationList section */
	};
	rootObject = B1D019D31A682C27005705E3 /* Project object */;
}
